version: 1.0
shards:
  db:
    github: crystal-lang/crystal-db
    version: 0.5.0

  granite:
    github: amberframework/granite
    version: 0.12.1

  pg:
    github: will/crystal-pg
    version: 0.15.0

  pool:
    github: ysbaddaden/pool
    version: 0.2.3

  redis:
    github: stefanwille/crystal-redis
    version: 2.0.0

  seg:
    github: soveran/seg
    commit: 82e39885ae67a270c0e0830a842936990a77563e

  toro:
    github: soveran/toro
    version: 0.4.1

